
Microsoft Visual Studio Solution File, Format Version 12.00
# Visual Studio Version 17
VisualStudioVersion = 17.3.32901.215
MinimumVisualStudioVersion = 10.0.40219.1
Project("{FAE04EC0-301F-11D3-BF4B-00C04F79EFBC}") = "19.10.2022 - Regex and Linq", "19.10.2022 - Regex and Linq\19.10.2022 - Regex and Linq.csproj", "{4F2A1DEB-F2E0-4B01-B11D-F27617690DEF}"
EndProject
Global
	GlobalSection(SolutionConfigurationPlatforms) = preSolution
		Debug|Any CPU = Debug|Any CPU
		Release|Any CPU = Release|Any CPU
	EndGlobalSection
	GlobalSection(ProjectConfigurationPlatforms) = postSolution
		{4F2A1DEB-F2E0-4B01-B11D-F27617690DEF}.Debug|Any CPU.ActiveCfg = Debug|Any CPU
		{4F2A1DEB-F2E0-4B01-B11D-F27617690DEF}.Debug|Any CPU.Build.0 = Debug|Any CPU
		{4F2A1DEB-F2E0-4B01-B11D-F27617690DEF}.Release|Any CPU.ActiveCfg = Release|Any CPU
		{4F2A1DEB-F2E0-4B01-B11D-F27617690DEF}.Release|Any CPU.Build.0 = Release|Any CPU
	EndGlobalSection
	GlobalSection(SolutionProperties) = preSolution
		HideSolutionNode = FALSE
	EndGlobalSection
	GlobalSection(ExtensibilityGlobals) = postSolution
		SolutionGuid = {081ED006-EA0F-46C8-9610-443FC0C5055D}
	EndGlobalSection
EndGlobal
